
Microsoft Visual Studio Solution File, Format Version 12.00
# Visual Studio Version 17
VisualStudioVersion = 17.8.34511.84
MinimumVisualStudioVersion = 10.0.40219.1
Project("{FAE04EC0-301F-11D3-BF4B-00C04F79EFBC}") = "BesantTestOne", "BesantTestOne.csproj", "{49AEF7CB-5B5E-45D1-8597-713B9D1D84D2}"
EndProject
Global
	GlobalSection(SolutionConfigurationPlatforms) = preSolution
		Debug|Any CPU = Debug|Any CPU
		Release|Any CPU = Release|Any CPU
	EndGlobalSection
	GlobalSection(ProjectConfigurationPlatforms) = postSolution
		{49AEF7CB-5B5E-45D1-8597-713B9D1D84D2}.Debug|Any CPU.ActiveCfg = Debug|Any CPU
		{49AEF7CB-5B5E-45D1-8597-713B9D1D84D2}.Debug|Any CPU.Build.0 = Debug|Any CPU
		{49AEF7CB-5B5E-45D1-8597-713B9D1D84D2}.Release|Any CPU.ActiveCfg = Release|Any CPU
		{49AEF7CB-5B5E-45D1-8597-713B9D1D84D2}.Release|Any CPU.Build.0 = Release|Any CPU
	EndGlobalSection
	GlobalSection(SolutionProperties) = preSolution
		HideSolutionNode = FALSE
	EndGlobalSection
	GlobalSection(ExtensibilityGlobals) = postSolution
		SolutionGuid = {730574E4-1ABE-4312-AC52-8FAF43BF197F}
	EndGlobalSection
EndGlobal
